// !$*UTF8*$!
{
	archiveVersion = 1;
	classes = {
	};
	objectVersion = 46;
	objects = {

/* Begin PBXBuildFile section */
		97F365921B22CF660033440A /* AppDelegate.swift in Sources */ = {isa = PBXBuildFile; fileRef = 97F365911B22CF660033440A /* AppDelegate.swift */; };
		97F365941B22CF660033440A /* ViewController.swift in Sources */ = {isa = PBXBuildFile; fileRef = 97F365931B22CF660033440A /* ViewController.swift */; };
		97F365971B22CF660033440A /* Main.storyboard in Resources */ = {isa = PBXBuildFile; fileRef = 97F365951B22CF660033440A /* Main.storyboard */; };
		97F365991B22CF660033440A /* Images.xcassets in Resources */ = {isa = PBXBuildFile; fileRef = 97F365981B22CF660033440A /* Images.xcassets */; };
		97F3659C1B22CF660033440A /* LaunchScreen.xib in Resources */ = {isa = PBXBuildFile; fileRef = 97F3659A1B22CF660033440A /* LaunchScreen.xib */; };
		97F365A81B22CF660033440A /* PostcardTests.swift in Sources */ = {isa = PBXBuildFile; fileRef = 97F365A71B22CF660033440A /* PostcardTests.swift */; };
/* End PBXBuildFile section */

/* Begin PBXContainerItemProxy section */
		97F365A21B22CF660033440A /* PBXContainerItemProxy */ = {
			isa = PBXContainerItemProxy;
			containerPortal = 97F365841B22CF660033440A /* Project object */;
			proxyType = 1;
			remoteGlobalIDString = 97F3658B1B22CF660033440A;
			remoteInfo = Postcard;
		};
/* End PBXContainerItemProxy section */

/* Begin PBXFileReference section */
		97F3658C1B22CF660033440A /* Postcard.app */ = {isa = PBXFileReference; explicitFileType = wrapper.application; includeInIndex = 0; path = Postcard.app; sourceTree = BUILT_PRODUCTS_DIR; };
		97F365901B22CF660033440A /* Info.plist */ = {isa = PBXFileReference; lastKnownFileType = text.plist.xml; path = Info.plist; sourceTree = "<group>"; };
		97F365911B22CF660033440A /* AppDelegate.swift */ = {isa = PBXFileReference; lastKnownFileType = sourcecode.swift; path = AppDelegate.swift; sourceTree = "<group>"; };
		97F365931B22CF660033440A /* ViewController.swift */ = {isa = PBXFileReference; lastKnownFileType = sourcecode.swift; path = ViewController.swift; sourceTree = "<group>"; };
		97F365961B22CF660033440A /* Base */ = {isa = PBXFileReference; lastKnownFileType = file.storyboard; name = Base; path = Base.lproj/Main.storyboard; sourceTree = "<group>"; };
		97F365981B22CF660033440A /* Images.xcassets */ = {isa = PBXFileReference; lastKnownFileType = folder.assetcatalog; path = Images.xcassets; sourceTree = "<group>"; };
		97F3659B1B22CF660033440A /* Base */ = {isa = PBXFileReference; lastKnownFileType = file.xib; name = Base; path = Base.lproj/LaunchScreen.xib; sourceTree = "<group>"; };
		97F365A11B22CF660033440A /* PostcardTests.xctest */ = {isa = PBXFileReference; explicitFileType = wrapper.cfbundle; includeInIndex = 0; path = PostcardTests.xctest; sourceTree = BUILT_PRODUCTS_DIR; };
		97F365A61B22CF660033440A /* Info.plist */ = {isa = PBXFileReference; lastKnownFileType = text.plist.xml; path = Info.plist; sourceTree = "<group>"; };
		97F365A71B22CF660033440A /* PostcardTests.swift */ = {isa = PBXFileReference; lastKnownFileType = sourcecode.swift; path = PostcardTests.swift; sourceTree = "<group>"; };
/* End PBXFileReference section */

/* Begin PBXFrameworksBuildPhase section */
		97F365891B22CF660033440A /* Frameworks */ = {
			isa = PBXFrameworksBuildPhase;
			buildActionMask = 2147483647;
			files = (
			);
			runOnlyForDeploymentPostprocessing = 0;
		};
		97F3659E1B22CF660033440A /* Frameworks */ = {
			isa = PBXFrameworksBuildPhase;
			buildActionMask = 2147483647;
			files = (
			);
			runOnlyForDeploymentPostprocessing = 0;
		};
/* End PBXFrameworksBuildPhase section */

/* Begin PBXGroup section */
		97F365831B22CF660033440A = {
			isa = PBXGroup;
			children = (
				97F3658E1B22CF660033440A /* Postcard */,
				97F365A41B22CF660033440A /* PostcardTests */,
				97F3658D1B22CF660033440A /* Products */,
			);
			sourceTree = "<group>";
		};
		97F3658D1B22CF660033440A /* Products */ = {
			isa = PBXGroup;
			children = (
				97F3658C1B22CF660033440A /* Postcard.app */,
				97F365A11B22CF660033440A /* PostcardTests.xctest */,
			);
			name = Products;
			sourceTree = "<group>";
		};
		97F3658E1B22CF660033440A /* Postcard */ = {
			isa = PBXGroup;
			children = (
				97F365911B22CF660033440A /* AppDelegate.swift */,
				97F365931B22CF660033440A /* ViewController.swift */,
				97F365951B22CF660033440A /* Main.storyboard */,
				97F365981B22CF660033440A /* Images.xcassets */,
				97F3659A1B22CF660033440A /* LaunchScreen.xib */,
				97F3658F1B22CF660033440A /* Supporting Files */,
			);
			path = Postcard;
			sourceTree = "<group>";
		};
		97F3658F1B22CF660033440A /* Supporting Files */ = {
			isa = PBXGroup;
			children = (
				97F365901B22CF660033440A /* Info.plist */,
			);
			name = "Supporting Files";
			sourceTree = "<group>";
		};
		97F365A41B22CF660033440A /* PostcardTests */ = {
			isa = PBXGroup;
			children = (
				97F365A71B22CF660033440A /* PostcardTests.swift */,
				97F365A51B22CF660033440A /* Supporting Files */,
			);
			path = PostcardTests;
			sourceTree = "<group>";
		};
		97F365A51B22CF660033440A /* Supporting Files */ = {
			isa = PBXGroup;
			children = (
				97F365A61B22CF660033440A /* Info.plist */,
			);
			name = "Supporting Files";
			sourceTree = "<group>";
		};
/* End PBXGroup section */

/* Begin PBXNativeTarget section */
		97F3658B1B22CF660033440A /* Postcard */ = {
			isa = PBXNativeTarget;
			buildConfigurationList = 97F365AB1B22CF660033440A /* Build configuration list for PBXNativeTarget "Postcard" */;
			buildPhases = (
				97F365881B22CF660033440A /* Sources */,
				97F365891B22CF660033440A /* Frameworks */,
				97F3658A1B22CF660033440A /* Resources */,
			);
			buildRules = (
			);
			dependencies = (
			);
			name = Postcard;
			productName = Postcard;
			productReference = 97F3658C1B22CF660033440A /* Postcard.app */;
			productType = "com.apple.product-type.application";
		};
		97F365A01B22CF660033440A /* PostcardTests */ = {
			isa = PBXNativeTarget;
			buildConfigurationList = 97F365AE1B22CF660033440A /* Build configuration list for PBXNativeTarget "PostcardTests" */;
			buildPhases = (
				97F3659D1B22CF660033440A /* Sources */,
				97F3659E1B22CF660033440A /* Frameworks */,
				97F3659F1B22CF660033440A /* Resources */,
			);
			buildRules = (
			);
			dependencies = (
				97F365A31B22CF660033440A /* PBXTargetDependency */,
			);
			name = PostcardTests;
			productName = PostcardTests;
			productReference = 97F365A11B22CF660033440A /* PostcardTests.xctest */;
			productType = "com.apple.product-type.bundle.unit-test";
		};
/* End PBXNativeTarget section */

/* Begin PBXProject section */
		97F365841B22CF660033440A /* Project object */ = {
			isa = PBXProject;
			attributes = {
				LastUpgradeCheck = 0630;
				ORGANIZATIONNAME = HeshanH;
				TargetAttributes = {
					97F3658B1B22CF660033440A = {
						CreatedOnToolsVersion = 6.3.2;
					};
					97F365A01B22CF660033440A = {
						CreatedOnToolsVersion = 6.3.2;
						TestTargetID = 97F3658B1B22CF660033440A;
					};
				};
			};
			buildConfigurationList = 97F365871B22CF660033440A /* Build configuration list for PBXProject "Postcard" */;
			compatibilityVersion = "Xcode 3.2";
			developmentRegion = English;
			hasScannedForEncodings = 0;
			knownRegions = (
				en,
				Base,
			);
			mainGroup = 97F365831B22CF660033440A;
			productRefGroup = 97F3658D1B22CF660033440A /* Products */;
			projectDirPath = "";
			projectRoot = "";
			targets = (
				97F3658B1B22CF660033440A /* Postcard */,
				97F365A01B22CF660033440A /* PostcardTests */,
			);
		};
/* End PBXProject section */

/* Begin PBXResourcesBuildPhase section */
		97F3658A1B22CF660033440A /* Resources */ = {
			isa = PBXResourcesBuildPhase;
			buildActionMask = 2147483647;
			files = (
				97F365971B22CF660033440A /* Main.storyboard in Resources */,
				97F3659C1B22CF660033440A /* LaunchScreen.xib in Resources */,
				97F365991B22CF660033440A /* Images.xcassets in Resources */,
			);
			runOnlyForDeploymentPostprocessing = 0;
		};
		97F3659F1B22CF660033440A /* Resources */ = {
			isa = PBXResourcesBuildPhase;
			buildActionMask = 2147483647;
			files = (
			);
			runOnlyForDeploymentPostprocessing = 0;
		};
/* End PBXResourcesBuildPhase section */

/* Begin PBXSourcesBuildPhase section */
		97F365881B22CF660033440A /* Sources */ = {
			isa = PBXSourcesBuildPhase;
			buildActionMask = 2147483647;
			files = (
				97F365941B22CF660033440A /* ViewController.swift in Sources */,
				97F365921B22CF660033440A /* AppDelegate.swift in Sources */,
			);
			runOnlyForDeploymentPostprocessing = 0;
		};
		97F3659D1B22CF660033440A /* Sources */ = {
			isa = PBXSourcesBuildPhase;
			buildActionMask = 2147483647;
			files = (
				97F365A81B22CF660033440A /* PostcardTests.swift in Sources */,
			);
			runOnlyForDeploymentPostprocessing = 0;
		};
/* End PBXSourcesBuildPhase section */

/* Begin PBXTargetDependency section */
		97F365A31B22CF660033440A /* PBXTargetDependency */ = {
			isa = PBXTargetDependency;
			target = 97F3658B1B22CF660033440A /* Postcard */;
			targetProxy = 97F365A21B22CF660033440A /* PBXContainerItemProxy */;
		};
/* End PBXTargetDependency section */

/* Begin PBXVariantGroup section */
		97F365951B22CF660033440A /* Main.storyboard */ = {
			isa = PBXVariantGroup;
			children = (
				97F365961B22CF660033440A /* Base */,
			);
			name = Main.storyboard;
			sourceTree = "<group>";
		};
		97F3659A1B22CF660033440A /* LaunchScreen.xib */ = {
			isa = PBXVariantGroup;
			children = (
				97F3659B1B22CF660033440A /* Base */,
			);
			name = LaunchScreen.xib;
			sourceTree = "<group>";
		};
/* End PBXVariantGroup section */

/* Begin XCBuildConfiguration section */
		97F365A91B22CF660033440A /* Debug */ = {
			isa = XCBuildConfiguration;
			buildSettings = {
				ALWAYS_SEARCH_USER_PATHS = NO;
				CLANG_CXX_LANGUAGE_STANDARD = "gnu++0x";
				CLANG_CXX_LIBRARY = "libc++";
				CLANG_ENABLE_MODULES = YES;
				CLANG_ENABLE_OBJC_ARC = YES;
				CLANG_WARN_BOOL_CONVERSION = YES;
				CLANG_WARN_CONSTANT_CONVERSION = YES;
				CLANG_WARN_DIRECT_OBJC_ISA_USAGE = YES_ERROR;
				CLANG_WARN_EMPTY_BODY = YES;
				CLANG_WARN_ENUM_CONVERSION = YES;
				CLANG_WARN_INT_CONVERSION = YES;
				CLANG_WARN_OBJC_ROOT_CLASS = YES_ERROR;
				CLANG_WARN_UNREACHABLE_CODE = YES;
				CLANG_WARN__DUPLICATE_METHOD_MATCH = YES;
				"CODE_SIGN_IDENTITY[sdk=iphoneos*]" = "iPhone Developer";
				COPY_PHASE_STRIP = NO;
				DEBUG_INFORMATION_FORMAT = "dwarf-with-dsym";
				ENABLE_STRICT_OBJC_MSGSEND = YES;
				GCC_C_LANGUAGE_STANDARD = gnu99;
				GCC_DYNAMIC_NO_PIC = NO;
				GCC_NO_COMMON_BLOCKS = YES;
				GCC_OPTIMIZATION_LEVEL = 0;
				GCC_PREPROCESSOR_DEFINITIONS = (
					"DEBUG=1",
					"$(inherited)",
				);
				GCC_SYMBOLS_PRIVATE_EXTERN = NO;
				GCC_WARN_64_TO_32_BIT_CONVERSION = YES;
				GCC_WARN_ABOUT_RETURN_TYPE = YES_ERROR;
				GCC_WARN_UNDECLARED_SELECTOR = YES;
				GCC_WARN_UNINITIALIZED_AUTOS = YES_AGGRESSIVE;
				GCC_WARN_UNUSED_FUNCTION = YES;
				GCC_WARN_UNUSED_VARIABLE = YES;
				IPHONEOS_DEPLOYMENT_TARGET = 8.3;
				MTL_ENABLE_DEBUG_INFO = YES;
				ONLY_ACTIVE_ARCH = YES;
				SDKROOT = iphoneos;
				SWIFT_OPTIMIZATION_LEVEL = "-Onone";
				TARGETED_DEVICE_FAMILY = "1,2";
			};
			name = Debug;
		};
		97F365AA1B22CF660033440A /* Release */ = {
			isa = XCBuildConfiguration;
			buildSettings = {
				ALWAYS_SEARCH_USER_PATHS = NO;
				CLANG_CXX_LANGUAGE_STANDARD = "gnu++0x";
				CLANG_CXX_LIBRARY = "libc++";
				CLANG_ENABLE_MODULES = YES;
				CLANG_ENABLE_OBJC_ARC = YES;
				CLANG_WARN_BOOL_CONVERSION = YES;
				CLANG_WARN_CONSTANT_CONVERSION = YES;
				CLANG_WARN_DIRECT_OBJC_ISA_USAGE = YES_ERROR;
				CLANG_WARN_EMPTY_BODY = YES;
				CLANG_WARN_ENUM_CONVERSION = YES;
				CLANG_WARN_INT_CONVERSION = YES;
				CLANG_WARN_OBJC_ROOT_CLASS = YES_ERROR;
				CLANG_WARN_UNREACHABLE_CODE = YES;
				CLANG_WARN__DUPLICATE_METHOD_MATCH = YES;
				"CODE_SIGN_IDENTITY[sdk=iphoneos*]" = "iPhone Developer";
				COPY_PHASE_STRIP = NO;
				DEBUG_INFORMATION_FORMAT = "dwarf-with-dsym";
				ENABLE_NS_ASSERTIONS = NO;
				ENABLE_STRICT_OBJC_MSGSEND = YES;
				GCC_C_LANGUAGE_STANDARD = gnu99;
				GCC_NO_COMMON_BLOCKS = YES;
				GCC_WARN_64_TO_32_BIT_CONVERSION = YES;
				GCC_WARN_ABOUT_RETURN_TYPE = YES_ERROR;
				GCC_WARN_UNDECLARED_SELECTOR = YES;
				GCC_WARN_UNINITIALIZED_AUTOS = YES_AGGRESSIVE;
				GCC_WARN_UNUSED_FUNCTION = YES;
				GCC_WARN_UNUSED_VARIABLE = YES;
				IPHONEOS_DEPLOYMENT_TARGET = 8.3;
				MTL_ENABLE_DEBUG_INFO = NO;
				SDKROOT = iphoneos;
				TARGETED_DEVICE_FAMILY = "1,2";
				VALIDATE_PRODUCT = YES;
			};
			name = Release;
		};
		97F365AC1B22CF660033440A /* Debug */ = {
			isa = XCBuildConfiguration;
			buildSettings = {
				ASSETCATALOG_COMPILER_APPICON_NAME = AppIcon;
				INFOPLIST_FILE = Postcard/Info.plist;
				LD_RUNPATH_SEARCH_PATHS = "$(inherited) @executable_path/Frameworks";
				PRODUCT_NAME = "$(TARGET_NAME)";
			};
			name = Debug;
		};
		97F365AD1B22CF660033440A /* Release */ = {
			isa = XCBuildConfiguration;
			buildSettings = {
				ASSETCATALOG_COMPILER_APPICON_NAME = AppIcon;
				INFOPLIST_FILE = Postcard/Info.plist;
				LD_RUNPATH_SEARCH_PATHS = "$(inherited) @executable_path/Frameworks";
				PRODUCT_NAME = "$(TARGET_NAME)";
			};
			name = Release;
		};
		97F365AF1B22CF660033440A /* Debug */ = {
			isa = XCBuildConfiguration;
			buildSettings = {
				BUNDLE_LOADER = "$(TEST_HOST)";
				FRAMEWORK_SEARCH_PATHS = (
					"$(SDKROOT)/Developer/Library/Frameworks",
					"$(inherited)",
				);
				GCC_PREPROCESSOR_DEFINITIONS = (
					"DEBUG=1",
					"$(inherited)",
				);
				INFOPLIST_FILE = PostcardTests/Info.plist;
				LD_RUNPATH_SEARCH_PATHS = "$(inherited) @executable_path/Frameworks @loader_path/Frameworks";
				PRODUCT_NAME = "$(TARGET_NAME)";
				TEST_HOST = "$(BUILT_PRODUCTS_DIR)/Postcard.app/Postcard";
			};
			name = Debug;
		};
		97F365B01B22CF660033440A /* Release */ = {
			isa = XCBuildConfiguration;
			buildSettings = {
				BUNDLE_LOADER = "$(TEST_HOST)";
				FRAMEWORK_SEARCH_PATHS = (
					"$(SDKROOT)/Developer/Library/Frameworks",
					"$(inherited)",
				);
				INFOPLIST_FILE = PostcardTests/Info.plist;
				LD_RUNPATH_SEARCH_PATHS = "$(inherited) @executable_path/Frameworks @loader_path/Frameworks";
				PRODUCT_NAME = "$(TARGET_NAME)";
				TEST_HOST = "$(BUILT_PRODUCTS_DIR)/Postcard.app/Postcard";
			};
			name = Release;
		};
/* End XCBuildConfiguration section */

/* Begin XCConfigurationList section */
		97F365871B22CF660033440A /* Build configuration list for PBXProject "Postcard" */ = {
			isa = XCConfigurationList;
			buildConfigurations = (
				97F365A91B22CF660033440A /* Debug */,
				97F365AA1B22CF660033440A /* Release */,
			);
			defaultConfigurationIsVisible = 0;
			defaultConfigurationName = Release;
		};
		97F365AB1B22CF660033440A /* Build configuration list for PBXNativeTarget "Postcard" */ = {
			isa = XCConfigurationList;
			buildConfigurations = (
				97F365AC1B22CF660033440A /* Debug */,
				97F365AD1B22CF660033440A /* Release */,
			);
			defaultConfigurationIsVisible = 0;
		};
		97F365AE1B22CF660033440A /* Build configuration list for PBXNativeTarget "PostcardTests" */ = {
			isa = XCConfigurationList;
			buildConfigurations = (
				97F365AF1B22CF660033440A /* Debug */,
				97F365B01B22CF660033440A /* Release */,
			);
			defaultConfigurationIsVisible = 0;
		};
/* End XCConfigurationList section */
	};
	rootObject = 97F365841B22CF660033440A /* Project object */;
}
